
Microsoft Visual Studio Solution File, Format Version 12.00
# Visual Studio Version 17
VisualStudioVersion = 17.4.33205.214
MinimumVisualStudioVersion = 10.0.40219.1
Project("{FAE04EC0-301F-11D3-BF4B-00C04F79EFBC}") = "SlotMachine", "SlotMachine\SlotMachine.csproj", "{16051694-CFC4-4607-AD4B-74E5EFC0816C}"
EndProject
Global
	GlobalSection(SolutionConfigurationPlatforms) = preSolution
		Debug|Any CPU = Debug|Any CPU
		Release|Any CPU = Release|Any CPU
	EndGlobalSection
	GlobalSection(ProjectConfigurationPlatforms) = postSolution
		{16051694-CFC4-4607-AD4B-74E5EFC0816C}.Debug|Any CPU.ActiveCfg = Debug|Any CPU
		{16051694-CFC4-4607-AD4B-74E5EFC0816C}.Debug|Any CPU.Build.0 = Debug|Any CPU
		{16051694-CFC4-4607-AD4B-74E5EFC0816C}.Release|Any CPU.ActiveCfg = Release|Any CPU
		{16051694-CFC4-4607-AD4B-74E5EFC0816C}.Release|Any CPU.Build.0 = Release|Any CPU
	EndGlobalSection
	GlobalSection(SolutionProperties) = preSolution
		HideSolutionNode = FALSE
	EndGlobalSection
	GlobalSection(ExtensibilityGlobals) = postSolution
		SolutionGuid = {9FF2ABE4-7058-44F9-887B-20DA25F187A8}
	EndGlobalSection
EndGlobal
